
Microsoft Visual Studio Solution File, Format Version 12.00
# Visual Studio Version 17
VisualStudioVersion = 17.11.35327.3
MinimumVisualStudioVersion = 10.0.40219.1
Project("{FAE04EC0-301F-11D3-BF4B-00C04F79EFBC}") = "HukukBurosuOtomasyon", "HukukBurosuOtomasyon.csproj", "{F546DC4E-E722-4CD7-B624-DA478EEDBC47}"
EndProject
Project("{54435603-DBB4-11D2-8724-00A0C9A8B90C}") = "Kurulum", "..\..\..\OneDrive\Masaüstü\KURULUM\Kurulum\Kurulum.vdproj", "{5F3FC9FD-7C5B-4A89-8A2D-9809C9F114F0}"
EndProject
Global
	GlobalSection(SolutionConfigurationPlatforms) = preSolution
		Debug|Any CPU = Debug|Any CPU
		Release|Any CPU = Release|Any CPU
	EndGlobalSection
	GlobalSection(ProjectConfigurationPlatforms) = postSolution
		{F546DC4E-E722-4CD7-B624-DA478EEDBC47}.Debug|Any CPU.ActiveCfg = Debug|Any CPU
		{F546DC4E-E722-4CD7-B624-DA478EEDBC47}.Debug|Any CPU.Build.0 = Debug|Any CPU
		{F546DC4E-E722-4CD7-B624-DA478EEDBC47}.Release|Any CPU.ActiveCfg = Release|Any CPU
		{F546DC4E-E722-4CD7-B624-DA478EEDBC47}.Release|Any CPU.Build.0 = Release|Any CPU
		{5F3FC9FD-7C5B-4A89-8A2D-9809C9F114F0}.Debug|Any CPU.ActiveCfg = Debug
		{5F3FC9FD-7C5B-4A89-8A2D-9809C9F114F0}.Release|Any CPU.ActiveCfg = Release
	EndGlobalSection
	GlobalSection(SolutionProperties) = preSolution
		HideSolutionNode = FALSE
	EndGlobalSection
	GlobalSection(ExtensibilityGlobals) = postSolution
		SolutionGuid = {6FD3F668-1B6C-408E-BB8A-99010DB4F2EE}
	EndGlobalSection
EndGlobal
